// !$*UTF8*$!
{
	archiveVersion = 1;
	classes = {
	};
	objectVersion = 50;
	objects = {

/* Begin PBXBuildFile section */
		68CEA5D4F044CE9C02D36EC3 /* Pods_HackUTD.framework in Frameworks */ = {isa = PBXBuildFile; fileRef = C4ECDF73DD3A2AFE54E7890A /* Pods_HackUTD.framework */; };
		71A61FB5ABCD5C01F528B7EE /* Pods_HackUTDUITests.framework in Frameworks */ = {isa = PBXBuildFile; fileRef = 479468196D8221E503A4274D /* Pods_HackUTDUITests.framework */; };
		CBE9211337698E7C1115D956 /* Pods_HackUTDTests.framework in Frameworks */ = {isa = PBXBuildFile; fileRef = 72E6CBC522DD965B58BED629 /* Pods_HackUTDTests.framework */; };
		EA2B5DB82221F3EC00339547 /* AppDelegate.swift in Sources */ = {isa = PBXBuildFile; fileRef = EA2B5DB72221F3EC00339547 /* AppDelegate.swift */; };
		EA2B5DBA2221F3EC00339547 /* ViewController.swift in Sources */ = {isa = PBXBuildFile; fileRef = EA2B5DB92221F3EC00339547 /* ViewController.swift */; };
		EA2B5DBD2221F3EC00339547 /* Main.storyboard in Resources */ = {isa = PBXBuildFile; fileRef = EA2B5DBB2221F3EC00339547 /* Main.storyboard */; };
		EA2B5DBF2221F3EE00339547 /* Assets.xcassets in Resources */ = {isa = PBXBuildFile; fileRef = EA2B5DBE2221F3EE00339547 /* Assets.xcassets */; };
		EA2B5DC22221F3EE00339547 /* LaunchScreen.storyboard in Resources */ = {isa = PBXBuildFile; fileRef = EA2B5DC02221F3EE00339547 /* LaunchScreen.storyboard */; };
		EA2B5DCD2221F3EE00339547 /* HackUTDTests.swift in Sources */ = {isa = PBXBuildFile; fileRef = EA2B5DCC2221F3EE00339547 /* HackUTDTests.swift */; };
		EA2B5DD82221F3EE00339547 /* HackUTDUITests.swift in Sources */ = {isa = PBXBuildFile; fileRef = EA2B5DD72221F3EE00339547 /* HackUTDUITests.swift */; };
		EA2B5DE72221F5C600339547 /* utd.pb.swift in Sources */ = {isa = PBXBuildFile; fileRef = EA2B5DE52221F5C600339547 /* utd.pb.swift */; };
		EA2B5DE82221F5C600339547 /* utd.grpc.swift in Sources */ = {isa = PBXBuildFile; fileRef = EA2B5DE62221F5C600339547 /* utd.grpc.swift */; };
		EA2B5DEC2221F64B00339547 /* RecycleRepository.swift in Sources */ = {isa = PBXBuildFile; fileRef = EA2B5DEB2221F64B00339547 /* RecycleRepository.swift */; };
/* End PBXBuildFile section */

/* Begin PBXContainerItemProxy section */
		EA2B5DC92221F3EE00339547 /* PBXContainerItemProxy */ = {
			isa = PBXContainerItemProxy;
			containerPortal = EA2B5DAC2221F3EC00339547 /* Project object */;
			proxyType = 1;
			remoteGlobalIDString = EA2B5DB32221F3EC00339547;
			remoteInfo = HackUTD;
		};
		EA2B5DD42221F3EE00339547 /* PBXContainerItemProxy */ = {
			isa = PBXContainerItemProxy;
			containerPortal = EA2B5DAC2221F3EC00339547 /* Project object */;
			proxyType = 1;
			remoteGlobalIDString = EA2B5DB32221F3EC00339547;
			remoteInfo = HackUTD;
		};
/* End PBXContainerItemProxy section */

/* Begin PBXFileReference section */
		113209267076C742E55D46FD /* Pods-HackUTD.debug.xcconfig */ = {isa = PBXFileReference; includeInIndex = 1; lastKnownFileType = text.xcconfig; name = "Pods-HackUTD.debug.xcconfig"; path = "Pods/Target Support Files/Pods-HackUTD/Pods-HackUTD.debug.xcconfig"; sourceTree = "<group>"; };
		1FF8056A51584041B16E548F /* Pods-HackUTDUITests.release.xcconfig */ = {isa = PBXFileReference; includeInIndex = 1; lastKnownFileType = text.xcconfig; name = "Pods-HackUTDUITests.release.xcconfig"; path = "Target Support Files/Pods-HackUTDUITests/Pods-HackUTDUITests.release.xcconfig"; sourceTree = "<group>"; };
		256E689F9D00874BFF9772AE /* Pods-HackUTDTests.debug.xcconfig */ = {isa = PBXFileReference; includeInIndex = 1; lastKnownFileType = text.xcconfig; name = "Pods-HackUTDTests.debug.xcconfig"; path = "Target Support Files/Pods-HackUTDTests/Pods-HackUTDTests.debug.xcconfig"; sourceTree = "<group>"; };
		31D70CEC230C78C3F1FBF27A /* Pods-HackUTDTests.debug.xcconfig */ = {isa = PBXFileReference; includeInIndex = 1; lastKnownFileType = text.xcconfig; name = "Pods-HackUTDTests.debug.xcconfig"; path = "Pods/Target Support Files/Pods-HackUTDTests/Pods-HackUTDTests.debug.xcconfig"; sourceTree = "<group>"; };
		479468196D8221E503A4274D /* Pods_HackUTDUITests.framework */ = {isa = PBXFileReference; explicitFileType = wrapper.framework; includeInIndex = 0; path = Pods_HackUTDUITests.framework; sourceTree = BUILT_PRODUCTS_DIR; };
		4B7F52A83A72AE5972DFF143 /* Pods-HackUTD.release.xcconfig */ = {isa = PBXFileReference; includeInIndex = 1; lastKnownFileType = text.xcconfig; name = "Pods-HackUTD.release.xcconfig"; path = "Pods/Target Support Files/Pods-HackUTD/Pods-HackUTD.release.xcconfig"; sourceTree = "<group>"; };
		6087AE3FCA45D77C4A5B49FE /* Pods-HackUTD.debug.xcconfig */ = {isa = PBXFileReference; includeInIndex = 1; lastKnownFileType = text.xcconfig; name = "Pods-HackUTD.debug.xcconfig"; path = "Target Support Files/Pods-HackUTD/Pods-HackUTD.debug.xcconfig"; sourceTree = "<group>"; };
		6466EE50FFDABBC24ED8C581 /* Pods-HackUTDTests.release.xcconfig */ = {isa = PBXFileReference; includeInIndex = 1; lastKnownFileType = text.xcconfig; name = "Pods-HackUTDTests.release.xcconfig"; path = "Pods/Target Support Files/Pods-HackUTDTests/Pods-HackUTDTests.release.xcconfig"; sourceTree = "<group>"; };
		72E6CBC522DD965B58BED629 /* Pods_HackUTDTests.framework */ = {isa = PBXFileReference; explicitFileType = wrapper.framework; includeInIndex = 0; path = Pods_HackUTDTests.framework; sourceTree = BUILT_PRODUCTS_DIR; };
		8A917021F24C5E2AD2857D22 /* Pods-HackUTDUITests.release.xcconfig */ = {isa = PBXFileReference; includeInIndex = 1; lastKnownFileType = text.xcconfig; name = "Pods-HackUTDUITests.release.xcconfig"; path = "Pods/Target Support Files/Pods-HackUTDUITests/Pods-HackUTDUITests.release.xcconfig"; sourceTree = "<group>"; };
		A3BB2A97BB230CBAB44FAF28 /* Pods-HackUTDTests.release.xcconfig */ = {isa = PBXFileReference; includeInIndex = 1; lastKnownFileType = text.xcconfig; name = "Pods-HackUTDTests.release.xcconfig"; path = "Target Support Files/Pods-HackUTDTests/Pods-HackUTDTests.release.xcconfig"; sourceTree = "<group>"; };
		AD00A0F3E662DFA840B8ABD3 /* Pods-HackUTD.release.xcconfig */ = {isa = PBXFileReference; includeInIndex = 1; lastKnownFileType = text.xcconfig; name = "Pods-HackUTD.release.xcconfig"; path = "Target Support Files/Pods-HackUTD/Pods-HackUTD.release.xcconfig"; sourceTree = "<group>"; };
		ADE6FC8D87DA5C2F0E6ED9A1 /* Pods-HackUTDUITests.debug.xcconfig */ = {isa = PBXFileReference; includeInIndex = 1; lastKnownFileType = text.xcconfig; name = "Pods-HackUTDUITests.debug.xcconfig"; path = "Pods/Target Support Files/Pods-HackUTDUITests/Pods-HackUTDUITests.debug.xcconfig"; sourceTree = "<group>"; };
		C4ECDF73DD3A2AFE54E7890A /* Pods_HackUTD.framework */ = {isa = PBXFileReference; explicitFileType = wrapper.framework; includeInIndex = 0; path = Pods_HackUTD.framework; sourceTree = BUILT_PRODUCTS_DIR; };
		C55B40A8CC9F3B1B749B9F38 /* Pods-HackUTDUITests.debug.xcconfig */ = {isa = PBXFileReference; includeInIndex = 1; lastKnownFileType = text.xcconfig; name = "Pods-HackUTDUITests.debug.xcconfig"; path = "Target Support Files/Pods-HackUTDUITests/Pods-HackUTDUITests.debug.xcconfig"; sourceTree = "<group>"; };
		EA2B5DB42221F3EC00339547 /* HackUTD.app */ = {isa = PBXFileReference; explicitFileType = wrapper.application; includeInIndex = 0; path = HackUTD.app; sourceTree = BUILT_PRODUCTS_DIR; };
		EA2B5DB72221F3EC00339547 /* AppDelegate.swift */ = {isa = PBXFileReference; lastKnownFileType = sourcecode.swift; path = AppDelegate.swift; sourceTree = "<group>"; };
		EA2B5DB92221F3EC00339547 /* ViewController.swift */ = {isa = PBXFileReference; lastKnownFileType = sourcecode.swift; path = ViewController.swift; sourceTree = "<group>"; };
		EA2B5DBC2221F3EC00339547 /* Base */ = {isa = PBXFileReference; lastKnownFileType = file.storyboard; name = Base; path = Base.lproj/Main.storyboard; sourceTree = "<group>"; };
		EA2B5DBE2221F3EE00339547 /* Assets.xcassets */ = {isa = PBXFileReference; lastKnownFileType = folder.assetcatalog; path = Assets.xcassets; sourceTree = "<group>"; };
		EA2B5DC12221F3EE00339547 /* Base */ = {isa = PBXFileReference; lastKnownFileType = file.storyboard; name = Base; path = Base.lproj/LaunchScreen.storyboard; sourceTree = "<group>"; };
		EA2B5DC32221F3EE00339547 /* Info.plist */ = {isa = PBXFileReference; lastKnownFileType = text.plist.xml; path = Info.plist; sourceTree = "<group>"; };
		EA2B5DC82221F3EE00339547 /* HackUTDTests.xctest */ = {isa = PBXFileReference; explicitFileType = wrapper.cfbundle; includeInIndex = 0; path = HackUTDTests.xctest; sourceTree = BUILT_PRODUCTS_DIR; };
		EA2B5DCC2221F3EE00339547 /* HackUTDTests.swift */ = {isa = PBXFileReference; lastKnownFileType = sourcecode.swift; path = HackUTDTests.swift; sourceTree = "<group>"; };
		EA2B5DCE2221F3EE00339547 /* Info.plist */ = {isa = PBXFileReference; lastKnownFileType = text.plist.xml; path = Info.plist; sourceTree = "<group>"; };
		EA2B5DD32221F3EE00339547 /* HackUTDUITests.xctest */ = {isa = PBXFileReference; explicitFileType = wrapper.cfbundle; includeInIndex = 0; path = HackUTDUITests.xctest; sourceTree = BUILT_PRODUCTS_DIR; };
		EA2B5DD72221F3EE00339547 /* HackUTDUITests.swift */ = {isa = PBXFileReference; lastKnownFileType = sourcecode.swift; path = HackUTDUITests.swift; sourceTree = "<group>"; };
		EA2B5DD92221F3EE00339547 /* Info.plist */ = {isa = PBXFileReference; lastKnownFileType = text.plist.xml; path = Info.plist; sourceTree = "<group>"; };
		EA2B5DE52221F5C600339547 /* utd.pb.swift */ = {isa = PBXFileReference; fileEncoding = 4; lastKnownFileType = sourcecode.swift; path = utd.pb.swift; sourceTree = "<group>"; };
		EA2B5DE62221F5C600339547 /* utd.grpc.swift */ = {isa = PBXFileReference; fileEncoding = 4; lastKnownFileType = sourcecode.swift; path = utd.grpc.swift; sourceTree = "<group>"; };
		EA2B5DEB2221F64B00339547 /* RecycleRepository.swift */ = {isa = PBXFileReference; lastKnownFileType = sourcecode.swift; path = RecycleRepository.swift; sourceTree = "<group>"; };
/* End PBXFileReference section */

/* Begin PBXFrameworksBuildPhase section */
		EA2B5DB12221F3EC00339547 /* Frameworks */ = {
			isa = PBXFrameworksBuildPhase;
			buildActionMask = 2147483647;
			files = (
				68CEA5D4F044CE9C02D36EC3 /* Pods_HackUTD.framework in Frameworks */,
			);
			runOnlyForDeploymentPostprocessing = 0;
		};
		EA2B5DC52221F3EE00339547 /* Frameworks */ = {
			isa = PBXFrameworksBuildPhase;
			buildActionMask = 2147483647;
			files = (
				CBE9211337698E7C1115D956 /* Pods_HackUTDTests.framework in Frameworks */,
			);
			runOnlyForDeploymentPostprocessing = 0;
		};
		EA2B5DD02221F3EE00339547 /* Frameworks */ = {
			isa = PBXFrameworksBuildPhase;
			buildActionMask = 2147483647;
			files = (
				71A61FB5ABCD5C01F528B7EE /* Pods_HackUTDUITests.framework in Frameworks */,
			);
			runOnlyForDeploymentPostprocessing = 0;
		};
/* End PBXFrameworksBuildPhase section */

/* Begin PBXGroup section */
		3BA4916CD99DEA0DDBDDAEE7 /* Frameworks */ = {
			isa = PBXGroup;
			children = (
				C4ECDF73DD3A2AFE54E7890A /* Pods_HackUTD.framework */,
				72E6CBC522DD965B58BED629 /* Pods_HackUTDTests.framework */,
				479468196D8221E503A4274D /* Pods_HackUTDUITests.framework */,
			);
			name = Frameworks;
			sourceTree = "<group>";
		};
		E0B72975A7345BF325832ADC /* Pods */ = {
			isa = PBXGroup;
			children = (
				6087AE3FCA45D77C4A5B49FE /* Pods-HackUTD.debug.xcconfig */,
				AD00A0F3E662DFA840B8ABD3 /* Pods-HackUTD.release.xcconfig */,
				256E689F9D00874BFF9772AE /* Pods-HackUTDTests.debug.xcconfig */,
				A3BB2A97BB230CBAB44FAF28 /* Pods-HackUTDTests.release.xcconfig */,
				C55B40A8CC9F3B1B749B9F38 /* Pods-HackUTDUITests.debug.xcconfig */,
				1FF8056A51584041B16E548F /* Pods-HackUTDUITests.release.xcconfig */,
				113209267076C742E55D46FD /* Pods-HackUTD.debug.xcconfig */,
				4B7F52A83A72AE5972DFF143 /* Pods-HackUTD.release.xcconfig */,
				31D70CEC230C78C3F1FBF27A /* Pods-HackUTDTests.debug.xcconfig */,
				6466EE50FFDABBC24ED8C581 /* Pods-HackUTDTests.release.xcconfig */,
				ADE6FC8D87DA5C2F0E6ED9A1 /* Pods-HackUTDUITests.debug.xcconfig */,
				8A917021F24C5E2AD2857D22 /* Pods-HackUTDUITests.release.xcconfig */,
			);
			path = Pods;
			sourceTree = "<group>";
		};
		EA2B5DAB2221F3EC00339547 = {
			isa = PBXGroup;
			children = (
				EA2B5DB62221F3EC00339547 /* HackUTD */,
				EA2B5DCB2221F3EE00339547 /* HackUTDTests */,
				EA2B5DD62221F3EE00339547 /* HackUTDUITests */,
				EA2B5DB52221F3EC00339547 /* Products */,
				E0B72975A7345BF325832ADC /* Pods */,
				3BA4916CD99DEA0DDBDDAEE7 /* Frameworks */,
			);
			sourceTree = "<group>";
		};
		EA2B5DB52221F3EC00339547 /* Products */ = {
			isa = PBXGroup;
			children = (
				EA2B5DB42221F3EC00339547 /* HackUTD.app */,
				EA2B5DC82221F3EE00339547 /* HackUTDTests.xctest */,
				EA2B5DD32221F3EE00339547 /* HackUTDUITests.xctest */,
			);
			name = Products;
			sourceTree = "<group>";
		};
		EA2B5DB62221F3EC00339547 /* HackUTD */ = {
			isa = PBXGroup;
			children = (
				EA2B5DE62221F5C600339547 /* utd.grpc.swift */,
				EA2B5DE52221F5C600339547 /* utd.pb.swift */,
				EA2B5DB72221F3EC00339547 /* AppDelegate.swift */,
				EA2B5DB92221F3EC00339547 /* ViewController.swift */,
				EA2B5DBB2221F3EC00339547 /* Main.storyboard */,
				EA2B5DBE2221F3EE00339547 /* Assets.xcassets */,
				EA2B5DC02221F3EE00339547 /* LaunchScreen.storyboard */,
				EA2B5DC32221F3EE00339547 /* Info.plist */,
				EA2B5DEB2221F64B00339547 /* RecycleRepository.swift */,
			);
			path = HackUTD;
			sourceTree = "<group>";
		};
		EA2B5DCB2221F3EE00339547 /* HackUTDTests */ = {
			isa = PBXGroup;
			children = (
				EA2B5DCC2221F3EE00339547 /* HackUTDTests.swift */,
				EA2B5DCE2221F3EE00339547 /* Info.plist */,
			);
			path = HackUTDTests;
			sourceTree = "<group>";
		};
		EA2B5DD62221F3EE00339547 /* HackUTDUITests */ = {
			isa = PBXGroup;
			children = (
				EA2B5DD72221F3EE00339547 /* HackUTDUITests.swift */,
				EA2B5DD92221F3EE00339547 /* Info.plist */,
			);
			path = HackUTDUITests;
			sourceTree = "<group>";
		};
/* End PBXGroup section */

/* Begin PBXNativeTarget section */
		EA2B5DB32221F3EC00339547 /* HackUTD */ = {
			isa = PBXNativeTarget;
			buildConfigurationList = EA2B5DDC2221F3EE00339547 /* Build configuration list for PBXNativeTarget "HackUTD" */;
			buildPhases = (
				CAD0094A2DA333DC03AD7222 /* [CP] Check Pods Manifest.lock */,
				EA2B5DB02221F3EC00339547 /* Sources */,
				EA2B5DB12221F3EC00339547 /* Frameworks */,
				EA2B5DB22221F3EC00339547 /* Resources */,
				8781B72BC0B217BE3602002B /* [CP] Embed Pods Frameworks */,
			);
			buildRules = (
			);
			dependencies = (
			);
			name = HackUTD;
			productName = HackUTD;
			productReference = EA2B5DB42221F3EC00339547 /* HackUTD.app */;
			productType = "com.apple.product-type.application";
		};
		EA2B5DC72221F3EE00339547 /* HackUTDTests */ = {
			isa = PBXNativeTarget;
			buildConfigurationList = EA2B5DDF2221F3EE00339547 /* Build configuration list for PBXNativeTarget "HackUTDTests" */;
			buildPhases = (
				BEC262DFF66166E1272FC14E /* [CP] Check Pods Manifest.lock */,
				EA2B5DC42221F3EE00339547 /* Sources */,
				EA2B5DC52221F3EE00339547 /* Frameworks */,
				EA2B5DC62221F3EE00339547 /* Resources */,
			);
			buildRules = (
			);
			dependencies = (
				EA2B5DCA2221F3EE00339547 /* PBXTargetDependency */,
			);
			name = HackUTDTests;
			productName = HackUTDTests;
			productReference = EA2B5DC82221F3EE00339547 /* HackUTDTests.xctest */;
			productType = "com.apple.product-type.bundle.unit-test";
		};
		EA2B5DD22221F3EE00339547 /* HackUTDUITests */ = {
			isa = PBXNativeTarget;
			buildConfigurationList = EA2B5DE22221F3EE00339547 /* Build configuration list for PBXNativeTarget "HackUTDUITests" */;
			buildPhases = (
				17FCE515CB7ECB670A61D328 /* [CP] Check Pods Manifest.lock */,
				EA2B5DCF2221F3EE00339547 /* Sources */,
				EA2B5DD02221F3EE00339547 /* Frameworks */,
				EA2B5DD12221F3EE00339547 /* Resources */,
			);
			buildRules = (
			);
			dependencies = (
				EA2B5DD52221F3EE00339547 /* PBXTargetDependency */,
			);
			name = HackUTDUITests;
			productName = HackUTDUITests;
			productReference = EA2B5DD32221F3EE00339547 /* HackUTDUITests.xctest */;
			productType = "com.apple.product-type.bundle.ui-testing";
		};
/* End PBXNativeTarget section */

/* Begin PBXProject section */
		EA2B5DAC2221F3EC00339547 /* Project object */ = {
			isa = PBXProject;
			attributes = {
				LastSwiftUpdateCheck = 1010;
				LastUpgradeCheck = 1010;
				ORGANIZATIONNAME = "Kevin J Nguyen";
				TargetAttributes = {
					EA2B5DB32221F3EC00339547 = {
						CreatedOnToolsVersion = 10.1;
					};
					EA2B5DC72221F3EE00339547 = {
						CreatedOnToolsVersion = 10.1;
						TestTargetID = EA2B5DB32221F3EC00339547;
					};
					EA2B5DD22221F3EE00339547 = {
						CreatedOnToolsVersion = 10.1;
						TestTargetID = EA2B5DB32221F3EC00339547;
					};
				};
			};
			buildConfigurationList = EA2B5DAF2221F3EC00339547 /* Build configuration list for PBXProject "HackUTD" */;
			compatibilityVersion = "Xcode 9.3";
			developmentRegion = en;
			hasScannedForEncodings = 0;
			knownRegions = (
				en,
				Base,
			);
			mainGroup = EA2B5DAB2221F3EC00339547;
			productRefGroup = EA2B5DB52221F3EC00339547 /* Products */;
			projectDirPath = "";
			projectRoot = "";
			targets = (
				EA2B5DB32221F3EC00339547 /* HackUTD */,
				EA2B5DC72221F3EE00339547 /* HackUTDTests */,
				EA2B5DD22221F3EE00339547 /* HackUTDUITests */,
			);
		};
/* End PBXProject section */

/* Begin PBXResourcesBuildPhase section */
		EA2B5DB22221F3EC00339547 /* Resources */ = {
			isa = PBXResourcesBuildPhase;
			buildActionMask = 2147483647;
			files = (
				EA2B5DC22221F3EE00339547 /* LaunchScreen.storyboard in Resources */,
				EA2B5DBF2221F3EE00339547 /* Assets.xcassets in Resources */,
				EA2B5DBD2221F3EC00339547 /* Main.storyboard in Resources */,
			);
			runOnlyForDeploymentPostprocessing = 0;
		};
		EA2B5DC62221F3EE00339547 /* Resources */ = {
			isa = PBXResourcesBuildPhase;
			buildActionMask = 2147483647;
			files = (
			);
			runOnlyForDeploymentPostprocessing = 0;
		};
		EA2B5DD12221F3EE00339547 /* Resources */ = {
			isa = PBXResourcesBuildPhase;
			buildActionMask = 2147483647;
			files = (
			);
			runOnlyForDeploymentPostprocessing = 0;
		};
/* End PBXResourcesBuildPhase section */

/* Begin PBXShellScriptBuildPhase section */
		17FCE515CB7ECB670A61D328 /* [CP] Check Pods Manifest.lock */ = {
			isa = PBXShellScriptBuildPhase;
			buildActionMask = 2147483647;
			files = (
			);
			inputPaths = (
				"${PODS_PODFILE_DIR_PATH}/Podfile.lock",
				"${PODS_ROOT}/Manifest.lock",
			);
			name = "[CP] Check Pods Manifest.lock";
			outputPaths = (
				"$(DERIVED_FILE_DIR)/Pods-HackUTDUITests-checkManifestLockResult.txt",
			);
			runOnlyForDeploymentPostprocessing = 0;
			shellPath = /bin/sh;
			shellScript = "diff \"${PODS_PODFILE_DIR_PATH}/Podfile.lock\" \"${PODS_ROOT}/Manifest.lock\" > /dev/null\nif [ $? != 0 ] ; then\n    # print error to STDERR\n    echo \"error: The sandbox is not in sync with the Podfile.lock. Run 'pod install' or update your CocoaPods installation.\" >&2\n    exit 1\nfi\n# This output is used by Xcode 'outputs' to avoid re-running this script phase.\necho \"SUCCESS\" > \"${SCRIPT_OUTPUT_FILE_0}\"\n";
			showEnvVarsInLog = 0;
		};
		8781B72BC0B217BE3602002B /* [CP] Embed Pods Frameworks */ = {
			isa = PBXShellScriptBuildPhase;
			buildActionMask = 2147483647;
			files = (
			);
			inputPaths = (
				"${PODS_ROOT}/Target Support Files/Pods-HackUTD/Pods-HackUTD-frameworks.sh",
				"${BUILT_PRODUCTS_DIR}/BoringSSL/openssl.framework",
				"${BUILT_PRODUCTS_DIR}/SwiftGRPC/SwiftGRPC.framework",
				"${BUILT_PRODUCTS_DIR}/SwiftProtobuf/SwiftProtobuf.framework",
				"${BUILT_PRODUCTS_DIR}/gRPC-Core/grpc.framework",
				"${BUILT_PRODUCTS_DIR}/nanopb/nanopb.framework",
			);
			name = "[CP] Embed Pods Frameworks";
			outputPaths = (
				"${TARGET_BUILD_DIR}/${FRAMEWORKS_FOLDER_PATH}/openssl.framework",
				"${TARGET_BUILD_DIR}/${FRAMEWORKS_FOLDER_PATH}/SwiftGRPC.framework",
				"${TARGET_BUILD_DIR}/${FRAMEWORKS_FOLDER_PATH}/SwiftProtobuf.framework",
				"${TARGET_BUILD_DIR}/${FRAMEWORKS_FOLDER_PATH}/grpc.framework",
				"${TARGET_BUILD_DIR}/${FRAMEWORKS_FOLDER_PATH}/nanopb.framework",
			);
			runOnlyForDeploymentPostprocessing = 0;
			shellPath = /bin/sh;
			shellScript = "\"${PODS_ROOT}/Target Support Files/Pods-HackUTD/Pods-HackUTD-frameworks.sh\"\n";
			showEnvVarsInLog = 0;
		};
		BEC262DFF66166E1272FC14E /* [CP] Check Pods Manifest.lock */ = {
			isa = PBXShellScriptBuildPhase;
			buildActionMask = 2147483647;
			files = (
			);
			inputPaths = (
				"${PODS_PODFILE_DIR_PATH}/Podfile.lock",
				"${PODS_ROOT}/Manifest.lock",
			);
			name = "[CP] Check Pods Manifest.lock";
			outputPaths = (
				"$(DERIVED_FILE_DIR)/Pods-HackUTDTests-checkManifestLockResult.txt",
			);
			runOnlyForDeploymentPostprocessing = 0;
			shellPath = /bin/sh;
			shellScript = "diff \"${PODS_PODFILE_DIR_PATH}/Podfile.lock\" \"${PODS_ROOT}/Manifest.lock\" > /dev/null\nif [ $? != 0 ] ; then\n    # print error to STDERR\n    echo \"error: The sandbox is not in sync with the Podfile.lock. Run 'pod install' or update your CocoaPods installation.\" >&2\n    exit 1\nfi\n# This output is used by Xcode 'outputs' to avoid re-running this script phase.\necho \"SUCCESS\" > \"${SCRIPT_OUTPUT_FILE_0}\"\n";
			showEnvVarsInLog = 0;
		};
		CAD0094A2DA333DC03AD7222 /* [CP] Check Pods Manifest.lock */ = {
			isa = PBXShellScriptBuildPhase;
			buildActionMask = 2147483647;
			files = (
			);
			inputPaths = (
				"${PODS_PODFILE_DIR_PATH}/Podfile.lock",
				"${PODS_ROOT}/Manifest.lock",
			);
			name = "[CP] Check Pods Manifest.lock";
			outputPaths = (
				"$(DERIVED_FILE_DIR)/Pods-HackUTD-checkManifestLockResult.txt",
			);
			runOnlyForDeploymentPostprocessing = 0;
			shellPath = /bin/sh;
			shellScript = "diff \"${PODS_PODFILE_DIR_PATH}/Podfile.lock\" \"${PODS_ROOT}/Manifest.lock\" > /dev/null\nif [ $? != 0 ] ; then\n    # print error to STDERR\n    echo \"error: The sandbox is not in sync with the Podfile.lock. Run 'pod install' or update your CocoaPods installation.\" >&2\n    exit 1\nfi\n# This output is used by Xcode 'outputs' to avoid re-running this script phase.\necho \"SUCCESS\" > \"${SCRIPT_OUTPUT_FILE_0}\"\n";
			showEnvVarsInLog = 0;
		};
/* End PBXShellScriptBuildPhase section */

/* Begin PBXSourcesBuildPhase section */
		EA2B5DB02221F3EC00339547 /* Sources */ = {
			isa = PBXSourcesBuildPhase;
			buildActionMask = 2147483647;
			files = (
				EA2B5DE82221F5C600339547 /* utd.grpc.swift in Sources */,
				EA2B5DBA2221F3EC00339547 /* ViewController.swift in Sources */,
				EA2B5DB82221F3EC00339547 /* AppDelegate.swift in Sources */,
				EA2B5DE72221F5C600339547 /* utd.pb.swift in Sources */,
				EA2B5DEC2221F64B00339547 /* RecycleRepository.swift in Sources */,
			);
			runOnlyForDeploymentPostprocessing = 0;
		};
		EA2B5DC42221F3EE00339547 /* Sources */ = {
			isa = PBXSourcesBuildPhase;
			buildActionMask = 2147483647;
			files = (
				EA2B5DCD2221F3EE00339547 /* HackUTDTests.swift in Sources */,
			);
			runOnlyForDeploymentPostprocessing = 0;
		};
		EA2B5DCF2221F3EE00339547 /* Sources */ = {
			isa = PBXSourcesBuildPhase;
			buildActionMask = 2147483647;
			files = (
				EA2B5DD82221F3EE00339547 /* HackUTDUITests.swift in Sources */,
			);
			runOnlyForDeploymentPostprocessing = 0;
		};
/* End PBXSourcesBuildPhase section */

/* Begin PBXTargetDependency section */
		EA2B5DCA2221F3EE00339547 /* PBXTargetDependency */ = {
			isa = PBXTargetDependency;
			target = EA2B5DB32221F3EC00339547 /* HackUTD */;
			targetProxy = EA2B5DC92221F3EE00339547 /* PBXContainerItemProxy */;
		};
		EA2B5DD52221F3EE00339547 /* PBXTargetDependency */ = {
			isa = PBXTargetDependency;
			target = EA2B5DB32221F3EC00339547 /* HackUTD */;
			targetProxy = EA2B5DD42221F3EE00339547 /* PBXContainerItemProxy */;
		};
/* End PBXTargetDependency section */

/* Begin PBXVariantGroup section */
		EA2B5DBB2221F3EC00339547 /* Main.storyboard */ = {
			isa = PBXVariantGroup;
			children = (
				EA2B5DBC2221F3EC00339547 /* Base */,
			);
			name = Main.storyboard;
			sourceTree = "<group>";
		};
		EA2B5DC02221F3EE00339547 /* LaunchScreen.storyboard */ = {
			isa = PBXVariantGroup;
			children = (
				EA2B5DC12221F3EE00339547 /* Base */,
			);
			name = LaunchScreen.storyboard;
			sourceTree = "<group>";
		};
/* End PBXVariantGroup section */

/* Begin XCBuildConfiguration section */
		EA2B5DDA2221F3EE00339547 /* Debug */ = {
			isa = XCBuildConfiguration;
			buildSettings = {
				ALWAYS_SEARCH_USER_PATHS = NO;
				CLANG_ANALYZER_NONNULL = YES;
				CLANG_ANALYZER_NUMBER_OBJECT_CONVERSION = YES_AGGRESSIVE;
				CLANG_CXX_LANGUAGE_STANDARD = "gnu++14";
				CLANG_CXX_LIBRARY = "libc++";
				CLANG_ENABLE_MODULES = YES;
				CLANG_ENABLE_OBJC_ARC = YES;
				CLANG_ENABLE_OBJC_WEAK = YES;
				CLANG_WARN_BLOCK_CAPTURE_AUTORELEASING = YES;
				CLANG_WARN_BOOL_CONVERSION = YES;
				CLANG_WARN_COMMA = YES;
				CLANG_WARN_CONSTANT_CONVERSION = YES;
				CLANG_WARN_DEPRECATED_OBJC_IMPLEMENTATIONS = YES;
				CLANG_WARN_DIRECT_OBJC_ISA_USAGE = YES_ERROR;
				CLANG_WARN_DOCUMENTATION_COMMENTS = YES;
				CLANG_WARN_EMPTY_BODY = YES;
				CLANG_WARN_ENUM_CONVERSION = YES;
				CLANG_WARN_INFINITE_RECURSION = YES;
				CLANG_WARN_INT_CONVERSION = YES;
				CLANG_WARN_NON_LITERAL_NULL_CONVERSION = YES;
				CLANG_WARN_OBJC_IMPLICIT_RETAIN_SELF = YES;
				CLANG_WARN_OBJC_LITERAL_CONVERSION = YES;
				CLANG_WARN_OBJC_ROOT_CLASS = YES_ERROR;
				CLANG_WARN_RANGE_LOOP_ANALYSIS = YES;
				CLANG_WARN_STRICT_PROTOTYPES = YES;
				CLANG_WARN_SUSPICIOUS_MOVE = YES;
				CLANG_WARN_UNGUARDED_AVAILABILITY = YES_AGGRESSIVE;
				CLANG_WARN_UNREACHABLE_CODE = YES;
				CLANG_WARN__DUPLICATE_METHOD_MATCH = YES;
				CODE_SIGN_IDENTITY = "iPhone Developer";
				COPY_PHASE_STRIP = NO;
				DEBUG_INFORMATION_FORMAT = dwarf;
				ENABLE_STRICT_OBJC_MSGSEND = YES;
				ENABLE_TESTABILITY = YES;
				GCC_C_LANGUAGE_STANDARD = gnu11;
				GCC_DYNAMIC_NO_PIC = NO;
				GCC_NO_COMMON_BLOCKS = YES;
				GCC_OPTIMIZATION_LEVEL = 0;
				GCC_PREPROCESSOR_DEFINITIONS = (
					"DEBUG=1",
					"$(inherited)",
				);
				GCC_WARN_64_TO_32_BIT_CONVERSION = YES;
				GCC_WARN_ABOUT_RETURN_TYPE = YES_ERROR;
				GCC_WARN_UNDECLARED_SELECTOR = YES;
				GCC_WARN_UNINITIALIZED_AUTOS = YES_AGGRESSIVE;
				GCC_WARN_UNUSED_FUNCTION = YES;
				GCC_WARN_UNUSED_VARIABLE = YES;
				IPHONEOS_DEPLOYMENT_TARGET = 12.1;
				MTL_ENABLE_DEBUG_INFO = INCLUDE_SOURCE;
				MTL_FAST_MATH = YES;
				ONLY_ACTIVE_ARCH = YES;
				SDKROOT = iphoneos;
				SWIFT_ACTIVE_COMPILATION_CONDITIONS = DEBUG;
				SWIFT_OPTIMIZATION_LEVEL = "-Onone";
			};
			name = Debug;
		};
		EA2B5DDB2221F3EE00339547 /* Release */ = {
			isa = XCBuildConfiguration;
			buildSettings = {
				ALWAYS_SEARCH_USER_PATHS = NO;
				CLANG_ANALYZER_NONNULL = YES;
				CLANG_ANALYZER_NUMBER_OBJECT_CONVERSION = YES_AGGRESSIVE;
				CLANG_CXX_LANGUAGE_STANDARD = "gnu++14";
				CLANG_CXX_LIBRARY = "libc++";
				CLANG_ENABLE_MODULES = YES;
				CLANG_ENABLE_OBJC_ARC = YES;
				CLANG_ENABLE_OBJC_WEAK = YES;
				CLANG_WARN_BLOCK_CAPTURE_AUTORELEASING = YES;
				CLANG_WARN_BOOL_CONVERSION = YES;
				CLANG_WARN_COMMA = YES;
				CLANG_WARN_CONSTANT_CONVERSION = YES;
				CLANG_WARN_DEPRECATED_OBJC_IMPLEMENTATIONS = YES;
				CLANG_WARN_DIRECT_OBJC_ISA_USAGE = YES_ERROR;
				CLANG_WARN_DOCUMENTATION_COMMENTS = YES;
				CLANG_WARN_EMPTY_BODY = YES;
				CLANG_WARN_ENUM_CONVERSION = YES;
				CLANG_WARN_INFINITE_RECURSION = YES;
				CLANG_WARN_INT_CONVERSION = YES;
				CLANG_WARN_NON_LITERAL_NULL_CONVERSION = YES;
				CLANG_WARN_OBJC_IMPLICIT_RETAIN_SELF = YES;
				CLANG_WARN_OBJC_LITERAL_CONVERSION = YES;
				CLANG_WARN_OBJC_ROOT_CLASS = YES_ERROR;
				CLANG_WARN_RANGE_LOOP_ANALYSIS = YES;
				CLANG_WARN_STRICT_PROTOTYPES = YES;
				CLANG_WARN_SUSPICIOUS_MOVE = YES;
				CLANG_WARN_UNGUARDED_AVAILABILITY = YES_AGGRESSIVE;
				CLANG_WARN_UNREACHABLE_CODE = YES;
				CLANG_WARN__DUPLICATE_METHOD_MATCH = YES;
				CODE_SIGN_IDENTITY = "iPhone Developer";
				COPY_PHASE_STRIP = NO;
				DEBUG_INFORMATION_FORMAT = "dwarf-with-dsym";
				ENABLE_NS_ASSERTIONS = NO;
				ENABLE_STRICT_OBJC_MSGSEND = YES;
				GCC_C_LANGUAGE_STANDARD = gnu11;
				GCC_NO_COMMON_BLOCKS = YES;
				GCC_WARN_64_TO_32_BIT_CONVERSION = YES;
				GCC_WARN_ABOUT_RETURN_TYPE = YES_ERROR;
				GCC_WARN_UNDECLARED_SELECTOR = YES;
				GCC_WARN_UNINITIALIZED_AUTOS = YES_AGGRESSIVE;
				GCC_WARN_UNUSED_FUNCTION = YES;
				GCC_WARN_UNUSED_VARIABLE = YES;
				IPHONEOS_DEPLOYMENT_TARGET = 12.1;
				MTL_ENABLE_DEBUG_INFO = NO;
				MTL_FAST_MATH = YES;
				SDKROOT = iphoneos;
				SWIFT_COMPILATION_MODE = wholemodule;
				SWIFT_OPTIMIZATION_LEVEL = "-O";
				VALIDATE_PRODUCT = YES;
			};
			name = Release;
		};
		EA2B5DDD2221F3EE00339547 /* Debug */ = {
			isa = XCBuildConfiguration;
			baseConfigurationReference = 6087AE3FCA45D77C4A5B49FE /* Pods-HackUTD.debug.xcconfig */;
			buildSettings = {
				ASSETCATALOG_COMPILER_APPICON_NAME = AppIcon;
				CODE_SIGN_STYLE = Automatic;
				DEVELOPMENT_TEAM = VTH3535D42;
				INFOPLIST_FILE = HackUTD/Info.plist;
				LD_RUNPATH_SEARCH_PATHS = (
					"$(inherited)",
					"@executable_path/Frameworks",
				);
				PRODUCT_BUNDLE_IDENTIFIER = com.kevinjnguyen.hackutd.HackUTD;
				PRODUCT_NAME = "$(TARGET_NAME)";
				SWIFT_VERSION = 4.2;
				TARGETED_DEVICE_FAMILY = "1,2";
			};
			name = Debug;
		};
		EA2B5DDE2221F3EE00339547 /* Release */ = {
			isa = XCBuildConfiguration;
			baseConfigurationReference = AD00A0F3E662DFA840B8ABD3 /* Pods-HackUTD.release.xcconfig */;
			buildSettings = {
				ASSETCATALOG_COMPILER_APPICON_NAME = AppIcon;
				CODE_SIGN_STYLE = Automatic;
				DEVELOPMENT_TEAM = VTH3535D42;
				INFOPLIST_FILE = HackUTD/Info.plist;
				LD_RUNPATH_SEARCH_PATHS = (
					"$(inherited)",
					"@executable_path/Frameworks",
				);
				PRODUCT_BUNDLE_IDENTIFIER = com.kevinjnguyen.hackutd.HackUTD;
				PRODUCT_NAME = "$(TARGET_NAME)";
				SWIFT_VERSION = 4.2;
				TARGETED_DEVICE_FAMILY = "1,2";
			};
			name = Release;
		};
		EA2B5DE02221F3EE00339547 /* Debug */ = {
			isa = XCBuildConfiguration;
			baseConfigurationReference = 256E689F9D00874BFF9772AE /* Pods-HackUTDTests.debug.xcconfig */;
			buildSettings = {
				ALWAYS_EMBED_SWIFT_STANDARD_LIBRARIES = YES;
				BUNDLE_LOADER = "$(TEST_HOST)";
				CODE_SIGN_STYLE = Automatic;
				INFOPLIST_FILE = HackUTDTests/Info.plist;
				LD_RUNPATH_SEARCH_PATHS = (
					"$(inherited)",
					"@executable_path/Frameworks",
					"@loader_path/Frameworks",
				);
				PRODUCT_BUNDLE_IDENTIFIER = com.kevinjnguyen.hackutd.HackUTDTests;
				PRODUCT_NAME = "$(TARGET_NAME)";
				SWIFT_VERSION = 4.2;
				TARGETED_DEVICE_FAMILY = "1,2";
				TEST_HOST = "$(BUILT_PRODUCTS_DIR)/HackUTD.app/HackUTD";
			};
			name = Debug;
		};
		EA2B5DE12221F3EE00339547 /* Release */ = {
			isa = XCBuildConfiguration;
			baseConfigurationReference = A3BB2A97BB230CBAB44FAF28 /* Pods-HackUTDTests.release.xcconfig */;
			buildSettings = {
				ALWAYS_EMBED_SWIFT_STANDARD_LIBRARIES = YES;
				BUNDLE_LOADER = "$(TEST_HOST)";
				CODE_SIGN_STYLE = Automatic;
				INFOPLIST_FILE = HackUTDTests/Info.plist;
				LD_RUNPATH_SEARCH_PATHS = (
					"$(inherited)",
					"@executable_path/Frameworks",
					"@loader_path/Frameworks",
				);
				PRODUCT_BUNDLE_IDENTIFIER = com.kevinjnguyen.hackutd.HackUTDTests;
				PRODUCT_NAME = "$(TARGET_NAME)";
				SWIFT_VERSION = 4.2;
				TARGETED_DEVICE_FAMILY = "1,2";
				TEST_HOST = "$(BUILT_PRODUCTS_DIR)/HackUTD.app/HackUTD";
			};
			name = Release;
		};
		EA2B5DE32221F3EE00339547 /* Debug */ = {
			isa = XCBuildConfiguration;
			baseConfigurationReference = C55B40A8CC9F3B1B749B9F38 /* Pods-HackUTDUITests.debug.xcconfig */;
			buildSettings = {
				ALWAYS_EMBED_SWIFT_STANDARD_LIBRARIES = YES;
				CODE_SIGN_STYLE = Automatic;
				INFOPLIST_FILE = HackUTDUITests/Info.plist;
				LD_RUNPATH_SEARCH_PATHS = (
					"$(inherited)",
					"@executable_path/Frameworks",
					"@loader_path/Frameworks",
				);
				PRODUCT_BUNDLE_IDENTIFIER = com.kevinjnguyen.hackutd.HackUTDUITests;
				PRODUCT_NAME = "$(TARGET_NAME)";
				SWIFT_VERSION = 4.2;
				TARGETED_DEVICE_FAMILY = "1,2";
				TEST_TARGET_NAME = HackUTD;
			};
			name = Debug;
		};
		EA2B5DE42221F3EE00339547 /* Release */ = {
			isa = XCBuildConfiguration;
			baseConfigurationReference = 1FF8056A51584041B16E548F /* Pods-HackUTDUITests.release.xcconfig */;
			buildSettings = {
				ALWAYS_EMBED_SWIFT_STANDARD_LIBRARIES = YES;
				CODE_SIGN_STYLE = Automatic;
				INFOPLIST_FILE = HackUTDUITests/Info.plist;
				LD_RUNPATH_SEARCH_PATHS = (
					"$(inherited)",
					"@executable_path/Frameworks",
					"@loader_path/Frameworks",
				);
				PRODUCT_BUNDLE_IDENTIFIER = com.kevinjnguyen.hackutd.HackUTDUITests;
				PRODUCT_NAME = "$(TARGET_NAME)";
				SWIFT_VERSION = 4.2;
				TARGETED_DEVICE_FAMILY = "1,2";
				TEST_TARGET_NAME = HackUTD;
			};
			name = Release;
		};
/* End XCBuildConfiguration section */

/* Begin XCConfigurationList section */
		EA2B5DAF2221F3EC00339547 /* Build configuration list for PBXProject "HackUTD" */ = {
			isa = XCConfigurationList;
			buildConfigurations = (
				EA2B5DDA2221F3EE00339547 /* Debug */,
				EA2B5DDB2221F3EE00339547 /* Release */,
			);
			defaultConfigurationIsVisible = 0;
			defaultConfigurationName = Release;
		};
		EA2B5DDC2221F3EE00339547 /* Build configuration list for PBXNativeTarget "HackUTD" */ = {
			isa = XCConfigurationList;
			buildConfigurations = (
				EA2B5DDD2221F3EE00339547 /* Debug */,
				EA2B5DDE2221F3EE00339547 /* Release */,
			);
			defaultConfigurationIsVisible = 0;
			defaultConfigurationName = Release;
		};
		EA2B5DDF2221F3EE00339547 /* Build configuration list for PBXNativeTarget "HackUTDTests" */ = {
			isa = XCConfigurationList;
			buildConfigurations = (
				EA2B5DE02221F3EE00339547 /* Debug */,
				EA2B5DE12221F3EE00339547 /* Release */,
			);
			defaultConfigurationIsVisible = 0;
			defaultConfigurationName = Release;
		};
		EA2B5DE22221F3EE00339547 /* Build configuration list for PBXNativeTarget "HackUTDUITests" */ = {
			isa = XCConfigurationList;
			buildConfigurations = (
				EA2B5DE32221F3EE00339547 /* Debug */,
				EA2B5DE42221F3EE00339547 /* Release */,
			);
			defaultConfigurationIsVisible = 0;
			defaultConfigurationName = Release;
		};
/* End XCConfigurationList section */
	};
	rootObject = EA2B5DAC2221F3EC00339547 /* Project object */;
}
